Microsoft Visual Studio Solution File, Format Version 12.00
# Visual Studio Version 17
VisualStudioVersion = 17.13.35507.96
MinimumVisualStudioVersion = 10.0.40219.1
Project("{2150E333-8FDC-42A3-9474-1A3956D46DE8}") = "Solution Items", "Solution Items", "{8EC462FD-D22E-90A8-E5CE-7E832BA40C5D}"
	ProjectSection(SolutionItems) = preProject
		.editorconfig = .editorconfig
		.filenesting.json = .filenesting.json
		Directory.build.props = Directory.build.props
		README.md = README.md
	EndProjectSection
EndProject
Project("{FAE04EC0-301F-11D3-BF4B-00C04F79EFBC}") = "Puzzles.Watersort.Core", "src\WaterSort\Puzzles.Watersort.Core\Puzzles.Watersort.Core.csproj", "{66F32CA9-FAE2-4E98-859E-CB0984BA2262}"
EndProject
Project("{2150E333-8FDC-42A3-9474-1A3956D46DE8}") = "Game - Water Sort", "Game - Water Sort", "{02EA681E-C7D8-13C7-8484-4AC65E1B71E8}"
EndProject
Global
	GlobalSection(SolutionConfigurationPlatforms) = preSolution
		Debug|Any CPU = Debug|Any CPU
		Release|Any CPU = Release|Any CPU
	EndGlobalSection
	GlobalSection(ProjectConfigurationPlatforms) = postSolution
		{66F32CA9-FAE2-4E98-859E-CB0984BA2262}.Debug|Any CPU.ActiveCfg = Debug|Any CPU
		{66F32CA9-FAE2-4E98-859E-CB0984BA2262}.Debug|Any CPU.Build.0 = Debug|Any CPU
		{66F32CA9-FAE2-4E98-859E-CB0984BA2262}.Release|Any CPU.ActiveCfg = Release|Any CPU
		{66F32CA9-FAE2-4E98-859E-CB0984BA2262}.Release|Any CPU.Build.0 = Release|Any CPU
	EndGlobalSection
	GlobalSection(SolutionProperties) = preSolution
		HideSolutionNode = FALSE
	EndGlobalSection
	GlobalSection(NestedProjects) = preSolution
		{66F32CA9-FAE2-4E98-859E-CB0984BA2262} = {02EA681E-C7D8-13C7-8484-4AC65E1B71E8}
	EndGlobalSection
	GlobalSection(ExtensibilityGlobals) = postSolution
		SolutionGuid = {A5F027BF-1F64-4C76-A6F5-416D946A6A18}
	EndGlobalSection
EndGlobal
